# THIS IS AN AUTOGENERATED FILE. DO NOT EDIT THIS FILE DIRECTLY.
# yarn lockfile v1


"@tootallnate/once@1":
  "integrity" "sha1-zLkURTYBeaBOf+av94wA/8Hur4I="
  "resolved" "https://registry.npmmirror.com/@tootallnate/once/download/@tootallnate/once-1.1.2.tgz?cache=0&sync_timestamp=1632734160633&other_urls=https%3A%2F%2Fregistry.npmmirror.com%2F%40tootallnate%2Fonce%2Fdownload%2F%40tootallnate%2Fonce-1.1.2.tgz"
  "version" "1.1.2"

"abab@^2.0.3", "abab@^2.0.5":
  "integrity" "sha1-wLZ4+zLWD8EhnHhNaoJv44Wut5o="
  "resolved" "https://registry.npm.taobao.org/abab/download/abab-2.0.5.tgz?cache=0&sync_timestamp=1599850271460&other_urls=https%3A%2F%2Fregistry.npm.taobao.org%2Fabab%2Fdownload%2Fabab-2.0.5.tgz"
  "version" "2.0.5"

"acorn-globals@^6.0.0":
  "integrity" "sha1-Rs3Tnw+P8IqHZhm1X1rIptx3C0U="
  "resolved" "https://registry.npm.taobao.org/acorn-globals/download/acorn-globals-6.0.0.tgz"
  "version" "6.0.0"
  dependencies:
    "acorn" "^7.1.1"
    "acorn-walk" "^7.1.1"

"acorn-walk@^7.1.1":
  "integrity" "sha1-DeiJpgEgOQmw++B7iTjcIdLpZ7w="
  "resolved" "https://registry.nlark.com/acorn-walk/download/acorn-walk-7.2.0.tgz?cache=0&sync_timestamp=1630916608758&other_urls=https%3A%2F%2Fregistry.nlark.com%2Facorn-walk%2Fdownload%2Facorn-walk-7.2.0.tgz"
  "version" "7.2.0"

"acorn@^7.1.1":
  "integrity" "sha1-/q7SVZc9LndVW4PbwIhRpsY1IPo="
  "resolved" "https://registry.npmmirror.com/acorn/download/acorn-7.4.1.tgz"
  "version" "7.4.1"

"acorn@^8.2.4":
  "integrity" "sha512-V/LGr1APy+PXIwKebEWrkZPwoeoF+w1jiOBUmuxuiUIaOHtob8Qc9BTrYo7VuI5fR8tqsy+buA2WFooR5olqvQ=="
  "resolved" "https://registry.npmmirror.com/acorn/download/acorn-8.7.0.tgz"
  "version" "8.7.0"

"agent-base@6":
  "integrity" "sha1-Sf/1hXfP7j83F2/qtMIuAPhtf3c="
  "resolved" "https://registry.nlark.com/agent-base/download/agent-base-6.0.2.tgz"
  "version" "6.0.2"
  dependencies:
    "debug" "4"

"asynckit@^0.4.0":
  "integrity" "sha1-x57Zf380y48robyXkLzDZkdLS3k="
  "resolved" "https://registry.npm.taobao.org/asynckit/download/asynckit-0.4.0.tgz"
  "version" "0.4.0"

"browser-process-hrtime@^1.0.0":
  "integrity" "sha1-PJtLfXgsgSHlbxAQbYTA0P/JRiY="
  "resolved" "https://registry.nlark.com/browser-process-hrtime/download/browser-process-hrtime-1.0.0.tgz"
  "version" "1.0.0"

"combined-stream@^1.0.8":
  "integrity" "sha1-w9RaizT9cwYxoRCoolIGgrMdWn8="
  "resolved" "https://registry.nlark.com/combined-stream/download/combined-stream-1.0.8.tgz"
  "version" "1.0.8"
  dependencies:
    "delayed-stream" "~1.0.0"

"cssom@^0.4.4":
  "integrity" "sha1-WmbPk9LQtmHYC/akT7ZfXC5OChA="
  "resolved" "https://registry.nlark.com/cssom/download/cssom-0.4.4.tgz"
  "version" "0.4.4"

"cssom@~0.3.6":
  "integrity" "sha1-nxJ29bK0Y/IRTT8sdSUK+MGjb0o="
  "resolved" "https://registry.nlark.com/cssom/download/cssom-0.3.8.tgz"
  "version" "0.3.8"

"cssstyle@^2.3.0":
  "integrity" "sha1-/2ZaDdvcMYZLCWR/NBY0Q9kLCFI="
  "resolved" "https://registry.nlark.com/cssstyle/download/cssstyle-2.3.0.tgz"
  "version" "2.3.0"
  dependencies:
    "cssom" "~0.3.6"

"data-urls@^2.0.0":
  "integrity" "sha1-FWSFpyljqXD11YIar2Qr7yvy25s="
  "resolved" "https://registry.npmmirror.com/data-urls/download/data-urls-2.0.0.tgz"
  "version" "2.0.0"
  dependencies:
    "abab" "^2.0.3"
    "whatwg-mimetype" "^2.3.0"
    "whatwg-url" "^8.0.0"

"debug@4":
  "integrity" "sha512-/zxw5+vh1Tfv+4Qn7a5nsbcJKPaSvCDhojn6FEl9vupwK2VCSDtEiEtqr8DFtzYFOdz63LBkxec7DYuc2jon6Q=="
  "resolved" "https://registry.npmmirror.com/debug/download/debug-4.3.3.tgz"
  "version" "4.3.3"
  dependencies:
    "ms" "2.1.2"

"decimal.js@^10.2.1":
  "integrity" "sha1-2MOkRKnGd0umDKatcmHDqU/V54M="
  "resolved" "https://registry.nlark.com/decimal.js/download/decimal.js-10.3.1.tgz"
  "version" "10.3.1"

"deep-is@~0.1.3":
  "integrity" "sha1-pvLc5hL63S7x9Rm3NVHxfoUZmDE="
  "resolved" "https://registry.nlark.com/deep-is/download/deep-is-0.1.4.tgz"
  "version" "0.1.4"

"delayed-stream@~1.0.0":
  "integrity" "sha1-3zrhmayt+31ECqrgsp4icrJOxhk="
  "resolved" "https://registry.nlark.com/delayed-stream/download/delayed-stream-1.0.0.tgz"
  "version" "1.0.0"

"domexception@^2.0.1":
  "integrity" "sha1-+0Su+6eT4VdLCvau0oAdBXUp8wQ="
  "resolved" "https://registry.npmmirror.com/domexception/download/domexception-2.0.1.tgz"
  "version" "2.0.1"
  dependencies:
    "webidl-conversions" "^5.0.0"

"escodegen@^2.0.0":
  "integrity" "sha1-XjKxKDPoqo+jXhvwvvqJOASEx90="
  "resolved" "https://registry.nlark.com/escodegen/download/escodegen-2.0.0.tgz"
  "version" "2.0.0"
  dependencies:
    "esprima" "^4.0.1"
    "estraverse" "^5.2.0"
    "esutils" "^2.0.2"
    "optionator" "^0.8.1"
  optionalDependencies:
    "source-map" "~0.6.1"

"esprima@^4.0.1":
  "integrity" "sha1-E7BM2z5sXRnfkatph6hpVhmwqnE="
  "resolved" "https://registry.nlark.com/esprima/download/esprima-4.0.1.tgz"
  "version" "4.0.1"

"estraverse@^5.2.0":
  "integrity" "sha1-LupSkHAvJquP5TcDcP+GyWXSESM="
  "resolved" "https://registry.npmmirror.com/estraverse/download/estraverse-5.3.0.tgz?cache=0&sync_timestamp=1635237716974&other_urls=https%3A%2F%2Fregistry.npmmirror.com%2Festraverse%2Fdownload%2Festraverse-5.3.0.tgz"
  "version" "5.3.0"

"esutils@^2.0.2":
  "integrity" "sha1-dNLrTeC42hKTcRkQ1Qd1ubcQ72Q="
  "resolved" "https://registry.npm.taobao.org/esutils/download/esutils-2.0.3.tgz"
  "version" "2.0.3"

"fast-levenshtein@~2.0.6":
  "integrity" "sha1-PYpcZog6FqMMqGQ+hR8Zuqd5eRc="
  "resolved" "https://registry.nlark.com/fast-levenshtein/download/fast-levenshtein-2.0.6.tgz"
  "version" "2.0.6"

"form-data@^3.0.0":
  "integrity" "sha1-69U3kbeDVqma+aMA1CgsTV65dV8="
  "resolved" "https://registry.nlark.com/form-data/download/form-data-3.0.1.tgz"
  "version" "3.0.1"
  dependencies:
    "asynckit" "^0.4.0"
    "combined-stream" "^1.0.8"
    "mime-types" "^2.1.12"

"html-encoding-sniffer@^2.0.1":
  "integrity" "sha1-QqbcT9M/ACgRduiyN1nKTk+hhfM="
  "resolved" "https://registry.nlark.com/html-encoding-sniffer/download/html-encoding-sniffer-2.0.1.tgz?cache=0&sync_timestamp=1632005059408&other_urls=https%3A%2F%2Fregistry.nlark.com%2Fhtml-encoding-sniffer%2Fdownload%2Fhtml-encoding-sniffer-2.0.1.tgz"
  "version" "2.0.1"
  dependencies:
    "whatwg-encoding" "^1.0.5"

"http-proxy-agent@^4.0.1":
  "integrity" "sha1-ioyO9/WTLM+VPClsqCkblap0qjo="
  "resolved" "https://registry.npmmirror.com/http-proxy-agent/download/http-proxy-agent-4.0.1.tgz?cache=0&sync_timestamp=1632357525203&other_urls=https%3A%2F%2Fregistry.npmmirror.com%2Fhttp-proxy-agent%2Fdownload%2Fhttp-proxy-agent-4.0.1.tgz"
  "version" "4.0.1"
  dependencies:
    "@tootallnate/once" "1"
    "agent-base" "6"
    "debug" "4"

"https-proxy-agent@^5.0.0":
  "integrity" "sha1-4qkFQqu2inYuCghQ9sntrf2FBrI="
  "resolved" "https://registry.nlark.com/https-proxy-agent/download/https-proxy-agent-5.0.0.tgz"
  "version" "5.0.0"
  dependencies:
    "agent-base" "6"
    "debug" "4"

"iconv-lite@0.4.24":
  "integrity" "sha1-ICK0sl+93CHS9SSXSkdKr+czkIs="
  "resolved" "https://registry.nlark.com/iconv-lite/download/iconv-lite-0.4.24.tgz"
  "version" "0.4.24"
  dependencies:
    "safer-buffer" ">= 2.1.2 < 3"

"is-potential-custom-element-name@^1.0.1":
  "integrity" "sha1-Fx7W8Z46xVQ5Tt94yqBXhKRb67U="
  "resolved" "https://registry.nlark.com/is-potential-custom-element-name/download/is-potential-custom-element-name-1.0.1.tgz"
  "version" "1.0.1"

"jsdom@^16.4.0":
  "integrity" "sha1-kYrnGWVCSxl8gZ+Bg6dU4Yl3txA="
  "resolved" "https://registry.npmmirror.com/jsdom/download/jsdom-16.7.0.tgz"
  "version" "16.7.0"
  dependencies:
    "abab" "^2.0.5"
    "acorn" "^8.2.4"
    "acorn-globals" "^6.0.0"
    "cssom" "^0.4.4"
    "cssstyle" "^2.3.0"
    "data-urls" "^2.0.0"
    "decimal.js" "^10.2.1"
    "domexception" "^2.0.1"
    "escodegen" "^2.0.0"
    "form-data" "^3.0.0"
    "html-encoding-sniffer" "^2.0.1"
    "http-proxy-agent" "^4.0.1"
    "https-proxy-agent" "^5.0.0"
    "is-potential-custom-element-name" "^1.0.1"
    "nwsapi" "^2.2.0"
    "parse5" "6.0.1"
    "saxes" "^5.0.1"
    "symbol-tree" "^3.2.4"
    "tough-cookie" "^4.0.0"
    "w3c-hr-time" "^1.0.2"
    "w3c-xmlserializer" "^2.0.0"
    "webidl-conversions" "^6.1.0"
    "whatwg-encoding" "^1.0.5"
    "whatwg-mimetype" "^2.3.0"
    "whatwg-url" "^8.5.0"
    "ws" "^7.4.6"
    "xml-name-validator" "^3.0.0"

"levn@~0.3.0":
  "integrity" "sha1-OwmSTt+fCDwEkP3UwLxEIeBHZO4="
  "resolved" "https://registry.nlark.com/levn/download/levn-0.3.0.tgz"
  "version" "0.3.0"
  dependencies:
    "prelude-ls" "~1.1.2"
    "type-check" "~0.3.2"

"lodash@^4.7.0":
  "integrity" "sha512-v2kDEe57lecTulaDIuNTPy3Ry4gLGJ6Z1O3vE1krgXZNrsQ+LFTGHVxVjcXPs17LhbZVGedAJv8XZ1tvj5FvSg=="
  "resolved" "https://registry.npmmirror.com/lodash/download/lodash-4.17.21.tgz"
  "version" "4.17.21"

"mime-db@1.51.0":
  "integrity" "sha512-5y8A56jg7XVQx2mbv1lu49NR4dokRnhZYTtL+KGfaa27uq4pSTXkwQkFJl4pkRMyNFz/EtYDSkiiEHx3F7UN6g=="
  "resolved" "https://registry.npmmirror.com/mime-db/download/mime-db-1.51.0.tgz?cache=0&sync_timestamp=1636425932298&other_urls=https%3A%2F%2Fregistry.npmmirror.com%2Fmime-db%2Fdownload%2Fmime-db-1.51.0.tgz"
  "version" "1.51.0"

"mime-types@^2.1.12":
  "integrity" "sha512-6cP692WwGIs9XXdOO4++N+7qjqv0rqxxVvJ3VHPh/Sc9mVZcQP+ZGhkKiTvWMQRr2tbHkJP/Yn7Y0npb3ZBs4A=="
  "resolved" "https://registry.npmmirror.com/mime-types/download/mime-types-2.1.34.tgz?cache=0&sync_timestamp=1636432275511&other_urls=https%3A%2F%2Fregistry.npmmirror.com%2Fmime-types%2Fdownload%2Fmime-types-2.1.34.tgz"
  "version" "2.1.34"
  dependencies:
    "mime-db" "1.51.0"

"ms@2.1.2":
  "integrity" "sha1-0J0fNXtEP0kzgqjrPM0YOHKuYAk="
  "resolved" "https://registry.npmmirror.com/ms/download/ms-2.1.2.tgz"
  "version" "2.1.2"

"nwsapi@^2.2.0":
  "integrity" "sha1-IEh5qePQaP8qVROcLHcngGgaOLc="
  "resolved" "https://registry.nlark.com/nwsapi/download/nwsapi-2.2.0.tgz"
  "version" "2.2.0"

"optionator@^0.8.1":
  "integrity" "sha1-hPodA2/p08fiHZmIS2ARZ+yPtJU="
  "resolved" "https://registry.npm.taobao.org/optionator/download/optionator-0.8.3.tgz"
  "version" "0.8.3"
  dependencies:
    "deep-is" "~0.1.3"
    "fast-levenshtein" "~2.0.6"
    "levn" "~0.3.0"
    "prelude-ls" "~1.1.2"
    "type-check" "~0.3.2"
    "word-wrap" "~1.2.3"

"parse5@6.0.1":
  "integrity" "sha1-4aHAhcVps9wIMhGE8Zo5zCf3wws="
  "resolved" "https://registry.nlark.com/parse5/download/parse5-6.0.1.tgz"
  "version" "6.0.1"

"prelude-ls@~1.1.2":
  "integrity" "sha1-IZMqVJ9eUv/ZqCf1cOBL5iqX2lQ="
  "resolved" "https://registry.npm.taobao.org/prelude-ls/download/prelude-ls-1.1.2.tgz"
  "version" "1.1.2"

"psl@^1.1.33":
  "integrity" "sha1-kyb4vPsBOtzABf3/BWrM4CDlHCQ="
  "resolved" "https://registry.npm.taobao.org/psl/download/psl-1.8.0.tgz"
  "version" "1.8.0"

"punycode@^2.1.1":
  "integrity" "sha1-tYsBCsQMIsVldhbI0sLALHv0eew="
  "resolved" "https://registry.nlark.com/punycode/download/punycode-2.1.1.tgz"
  "version" "2.1.1"

"safer-buffer@>= 2.1.2 < 3":
  "integrity" "sha1-RPoWGwGHuVSd2Eu5GAL5vYOFzWo="
  "resolved" "https://registry.nlark.com/safer-buffer/download/safer-buffer-2.1.2.tgz"
  "version" "2.1.2"

"saxes@^5.0.1":
  "integrity" "sha1-7rq5U/o7dgjb6U5drbFciI+maW0="
  "resolved" "https://registry.npmmirror.com/saxes/download/saxes-5.0.1.tgz?cache=0&sync_timestamp=1636312328471&other_urls=https%3A%2F%2Fregistry.npmmirror.com%2Fsaxes%2Fdownload%2Fsaxes-5.0.1.tgz"
  "version" "5.0.1"
  dependencies:
    "xmlchars" "^2.2.0"

"source-map@~0.6.1":
  "integrity" "sha1-dHIq8y6WFOnCh6jQu95IteLxomM="
  "resolved" "https://registry.npm.taobao.org/source-map/download/source-map-0.6.1.tgz"
  "version" "0.6.1"

"symbol-tree@^3.2.4":
  "integrity" "sha1-QwY30ki6d+B4iDlR+5qg7tfGP6I="
  "resolved" "https://registry.npm.taobao.org/symbol-tree/download/symbol-tree-3.2.4.tgz"
  "version" "3.2.4"

"tough-cookie@^4.0.0":
  "integrity" "sha1-2CIjTuyogvmR8PkIgkrSYi3b7OQ="
  "resolved" "https://registry.npm.taobao.org/tough-cookie/download/tough-cookie-4.0.0.tgz"
  "version" "4.0.0"
  dependencies:
    "psl" "^1.1.33"
    "punycode" "^2.1.1"
    "universalify" "^0.1.2"

"tr46@^2.1.0":
  "integrity" "sha1-+oeqgcpdWUHajL8fm3SdyWmk4kA="
  "resolved" "https://registry.npmmirror.com/tr46/download/tr46-2.1.0.tgz?cache=0&sync_timestamp=1633302501959&other_urls=https%3A%2F%2Fregistry.npmmirror.com%2Ftr46%2Fdownload%2Ftr46-2.1.0.tgz"
  "version" "2.1.0"
  dependencies:
    "punycode" "^2.1.1"

"type-check@~0.3.2":
  "integrity" "sha1-WITKtRLPHTVeP7eE8wgEsrUg23I="
  "resolved" "https://registry.nlark.com/type-check/download/type-check-0.3.2.tgz"
  "version" "0.3.2"
  dependencies:
    "prelude-ls" "~1.1.2"

"universalify@^0.1.2":
  "integrity" "sha1-tkb2m+OULavOzJ1mOcgNwQXvqmY="
  "resolved" "https://registry.npm.taobao.org/universalify/download/universalify-0.1.2.tgz?cache=0&sync_timestamp=1603180004159&other_urls=https%3A%2F%2Fregistry.npm.taobao.org%2Funiversalify%2Fdownload%2Funiversalify-0.1.2.tgz"
  "version" "0.1.2"

"w3c-hr-time@^1.0.2":
  "integrity" "sha1-ConN9cwVgi35w2BUNnaWPgzDCM0="
  "resolved" "https://registry.npm.taobao.org/w3c-hr-time/download/w3c-hr-time-1.0.2.tgz"
  "version" "1.0.2"
  dependencies:
    "browser-process-hrtime" "^1.0.0"

"w3c-xmlserializer@^2.0.0":
  "integrity" "sha1-PnEEoFt1FGzGD1ZDgLf2g6zxAgo="
  "resolved" "https://registry.nlark.com/w3c-xmlserializer/download/w3c-xmlserializer-2.0.0.tgz"
  "version" "2.0.0"
  dependencies:
    "xml-name-validator" "^3.0.0"

"webidl-conversions@^5.0.0":
  "integrity" "sha1-rlnIoAsSFUOirMZcBDT1ew/BGv8="
  "resolved" "https://registry.nlark.com/webidl-conversions/download/webidl-conversions-5.0.0.tgz"
  "version" "5.0.0"

"webidl-conversions@^6.1.0":
  "integrity" "sha1-kRG01+qArNQPUnDWZmIa+ni2lRQ="
  "resolved" "https://registry.nlark.com/webidl-conversions/download/webidl-conversions-6.1.0.tgz"
  "version" "6.1.0"

"whatwg-encoding@^1.0.5":
  "integrity" "sha1-WrrPd3wyFmpR0IXWtPPn0nET3bA="
  "resolved" "https://registry.nlark.com/whatwg-encoding/download/whatwg-encoding-1.0.5.tgz?cache=0&sync_timestamp=1631479408233&other_urls=https%3A%2F%2Fregistry.nlark.com%2Fwhatwg-encoding%2Fdownload%2Fwhatwg-encoding-1.0.5.tgz"
  "version" "1.0.5"
  dependencies:
    "iconv-lite" "0.4.24"

"whatwg-mimetype@^2.3.0":
  "integrity" "sha1-PUseAxLSB5h5+Cav8Y2+7KWWD78="
  "resolved" "https://registry.nlark.com/whatwg-mimetype/download/whatwg-mimetype-2.3.0.tgz?cache=0&sync_timestamp=1631993408310&other_urls=https%3A%2F%2Fregistry.nlark.com%2Fwhatwg-mimetype%2Fdownload%2Fwhatwg-mimetype-2.3.0.tgz"
  "version" "2.3.0"

"whatwg-url@^8.0.0", "whatwg-url@^8.5.0":
  "integrity" "sha1-ZWp45RD/jzk3vAvL6fXArDWUG3c="
  "resolved" "https://registry.npmmirror.com/whatwg-url/download/whatwg-url-8.7.0.tgz"
  "version" "8.7.0"
  dependencies:
    "lodash" "^4.7.0"
    "tr46" "^2.1.0"
    "webidl-conversions" "^6.1.0"

"word-wrap@~1.2.3":
  "integrity" "sha1-YQY29rH3A4kb00dxzLF/uTtHB5w="
  "resolved" "https://registry.npm.taobao.org/word-wrap/download/word-wrap-1.2.3.tgz"
  "version" "1.2.3"

"ws@^7.4.6":
  "integrity" "sha512-6GLgCqo2cy2A2rjCNFlxQS6ZljG/coZfZXclldI8FB/1G3CCI36Zd8xy2HrFVACi8tfk5XrgLQEk+P0Tnz9UcA=="
  "resolved" "https://registry.npmmirror.com/ws/download/ws-7.5.6.tgz"
  "version" "7.5.6"

"xml-name-validator@^3.0.0":
  "integrity" "sha1-auc+Bt5NjG5H+fsYH3jWSK1FfGo="
  "resolved" "https://registry.nlark.com/xml-name-validator/download/xml-name-validator-3.0.0.tgz?cache=0&sync_timestamp=1632002514407&other_urls=https%3A%2F%2Fregistry.nlark.com%2Fxml-name-validator%2Fdownload%2Fxml-name-validator-3.0.0.tgz"
  "version" "3.0.0"

"xmlchars@^2.2.0":
  "integrity" "sha1-Bg/hvLf5x2/ioX24apvDq4lCEMs="
  "resolved" "https://registry.npm.taobao.org/xmlchars/download/xmlchars-2.2.0.tgz"
  "version" "2.2.0"
